
Microsoft Visual Studio Solution File, Format Version 12.00
# Visual Studio Version 17
VisualStudioVersion = 17.2.32519.379
MinimumVisualStudioVersion = 10.0.40219.1
Project("{FAE04EC0-301F-11D3-BF4B-00C04F79EFBC}") = "RównanieTrzeciegoStopnia", "RównanieTrzeciegoStopnia.csproj", "{3C60E6B3-6463-4830-BB91-C1216C6EBAC3}"
EndProject
Global
	GlobalSection(SolutionConfigurationPlatforms) = preSolution
		Debug|Any CPU = Debug|Any CPU
		Release|Any CPU = Release|Any CPU
	EndGlobalSection
	GlobalSection(ProjectConfigurationPlatforms) = postSolution
		{3C60E6B3-6463-4830-BB91-C1216C6EBAC3}.Debug|Any CPU.ActiveCfg = Debug|Any CPU
		{3C60E6B3-6463-4830-BB91-C1216C6EBAC3}.Debug|Any CPU.Build.0 = Debug|Any CPU
		{3C60E6B3-6463-4830-BB91-C1216C6EBAC3}.Release|Any CPU.ActiveCfg = Release|Any CPU
		{3C60E6B3-6463-4830-BB91-C1216C6EBAC3}.Release|Any CPU.Build.0 = Release|Any CPU
	EndGlobalSection
	GlobalSection(SolutionProperties) = preSolution
		HideSolutionNode = FALSE
	EndGlobalSection
	GlobalSection(ExtensibilityGlobals) = postSolution
		SolutionGuid = {CD20BA12-609C-4A12-B6CA-B532B628EEA4}
	EndGlobalSection
EndGlobal
